
Microsoft Visual Studio Solution File, Format Version 12.00
# Visual Studio 15
VisualStudioVersion = 15.0.28010.2016
MinimumVisualStudioVersion = 10.0.40219.1
Project("{FAE04EC0-301F-11D3-BF4B-00C04F79EFBC}") = "cis237_extra_thread_demo", "cis237_extra_thread_demo\cis237_extra_thread_demo.csproj", "{D10D38E1-1739-4FE4-ADCE-E7A7AB825C85}"
EndProject
Global
	GlobalSection(SolutionConfigurationPlatforms) = preSolution
		Debug|Any CPU = Debug|Any CPU
		Release|Any CPU = Release|Any CPU
	EndGlobalSection
	GlobalSection(ProjectConfigurationPlatforms) = postSolution
		{D10D38E1-1739-4FE4-ADCE-E7A7AB825C85}.Debug|Any CPU.ActiveCfg = Debug|Any CPU
		{D10D38E1-1739-4FE4-ADCE-E7A7AB825C85}.Debug|Any CPU.Build.0 = Debug|Any CPU
		{D10D38E1-1739-4FE4-ADCE-E7A7AB825C85}.Release|Any CPU.ActiveCfg = Release|Any CPU
		{D10D38E1-1739-4FE4-ADCE-E7A7AB825C85}.Release|Any CPU.Build.0 = Release|Any CPU
	EndGlobalSection
	GlobalSection(SolutionProperties) = preSolution
		HideSolutionNode = FALSE
	EndGlobalSection
	GlobalSection(ExtensibilityGlobals) = postSolution
		SolutionGuid = {FCFFA8BD-BB2D-4D73-8CBD-4C085505F4BA}
	EndGlobalSection
EndGlobal
